
Microsoft Visual Studio Solution File, Format Version 12.00
# Visual Studio Version 17
VisualStudioVersion = 17.7.34221.43
MinimumVisualStudioVersion = 10.0.40219.1
Project("{FAE04EC0-301F-11D3-BF4B-00C04F79EFBC}") = "BlackjackGame", "BlackjackGame\BlackjackGame.csproj", "{EDA9AB75-3FDB-4322-A14F-5DDF1223F8F1}"
EndProject
Global
	GlobalSection(SolutionConfigurationPlatforms) = preSolution
		Debug|Any CPU = Debug|Any CPU
		Release|Any CPU = Release|Any CPU
	EndGlobalSection
	GlobalSection(ProjectConfigurationPlatforms) = postSolution
		{EDA9AB75-3FDB-4322-A14F-5DDF1223F8F1}.Debug|Any CPU.ActiveCfg = Debug|Any CPU
		{EDA9AB75-3FDB-4322-A14F-5DDF1223F8F1}.Debug|Any CPU.Build.0 = Debug|Any CPU
		{EDA9AB75-3FDB-4322-A14F-5DDF1223F8F1}.Release|Any CPU.ActiveCfg = Release|Any CPU
		{EDA9AB75-3FDB-4322-A14F-5DDF1223F8F1}.Release|Any CPU.Build.0 = Release|Any CPU
	EndGlobalSection
	GlobalSection(SolutionProperties) = preSolution
		HideSolutionNode = FALSE
	EndGlobalSection
	GlobalSection(ExtensibilityGlobals) = postSolution
		SolutionGuid = {6B360E89-025C-4788-ABAC-AAC075627923}
	EndGlobalSection
EndGlobal
